
Microsoft Visual Studio Solution File, Format Version 12.00
# Visual Studio 14
VisualStudioVersion = 14.0.25420.1
MinimumVisualStudioVersion = 10.0.40219.1
Project("{FAE04EC0-301F-11D3-BF4B-00C04F79EFBC}") = "RaysHotDogs.Core", "RaysHotDogs.Core\RaysHotDogs.Core.csproj", "{3033EB8B-6DFB-44A4-8019-D3030B569BB5}"
EndProject
Project("{FAE04EC0-301F-11D3-BF4B-00C04F79EFBC}") = "RaysHotDogs", "RaysHotDogs\RaysHotDogs.csproj", "{567B6145-8AD5-4171-8461-A8AB92DB992B}"
EndProject
Global
	GlobalSection(SolutionConfigurationPlatforms) = preSolution
		Debug|Any CPU = Debug|Any CPU
		Release|Any CPU = Release|Any CPU
	EndGlobalSection
	GlobalSection(ProjectConfigurationPlatforms) = postSolution
		{3033EB8B-6DFB-44A4-8019-D3030B569BB5}.Debug|Any CPU.ActiveCfg = Debug|Any CPU
		{3033EB8B-6DFB-44A4-8019-D3030B569BB5}.Debug|Any CPU.Build.0 = Debug|Any CPU
		{3033EB8B-6DFB-44A4-8019-D3030B569BB5}.Release|Any CPU.ActiveCfg = Release|Any CPU
		{3033EB8B-6DFB-44A4-8019-D3030B569BB5}.Release|Any CPU.Build.0 = Release|Any CPU
		{567B6145-8AD5-4171-8461-A8AB92DB992B}.Debug|Any CPU.ActiveCfg = Debug|Any CPU
		{567B6145-8AD5-4171-8461-A8AB92DB992B}.Debug|Any CPU.Build.0 = Debug|Any CPU
		{567B6145-8AD5-4171-8461-A8AB92DB992B}.Debug|Any CPU.Deploy.0 = Debug|Any CPU
		{567B6145-8AD5-4171-8461-A8AB92DB992B}.Release|Any CPU.ActiveCfg = Release|Any CPU
		{567B6145-8AD5-4171-8461-A8AB92DB992B}.Release|Any CPU.Build.0 = Release|Any CPU
		{567B6145-8AD5-4171-8461-A8AB92DB992B}.Release|Any CPU.Deploy.0 = Release|Any CPU
	EndGlobalSection
	GlobalSection(SolutionProperties) = preSolution
		HideSolutionNode = FALSE
	EndGlobalSection
EndGlobal
